
Microsoft Visual Studio Solution File, Format Version 12.00
# Visual Studio Version 16
VisualStudioVersion = 16.0.31205.134
MinimumVisualStudioVersion = 10.0.40219.1
Project("{FAE04EC0-301F-11D3-BF4B-00C04F79EFBC}") = "WinFormsApp1", "WinFormsApp1\WinFormsApp1.csproj", "{77065104-3D3F-4D7F-B758-E8BADAE77FB1}"
EndProject
Global
	GlobalSection(SolutionConfigurationPlatforms) = preSolution
		Debug|Any CPU = Debug|Any CPU
		Release|Any CPU = Release|Any CPU
	EndGlobalSection
	GlobalSection(ProjectConfigurationPlatforms) = postSolution
		{77065104-3D3F-4D7F-B758-E8BADAE77FB1}.Debug|Any CPU.ActiveCfg = Debug|Any CPU
		{77065104-3D3F-4D7F-B758-E8BADAE77FB1}.Debug|Any CPU.Build.0 = Debug|Any CPU
		{77065104-3D3F-4D7F-B758-E8BADAE77FB1}.Release|Any CPU.ActiveCfg = Release|Any CPU
		{77065104-3D3F-4D7F-B758-E8BADAE77FB1}.Release|Any CPU.Build.0 = Release|Any CPU
	EndGlobalSection
	GlobalSection(SolutionProperties) = preSolution
		HideSolutionNode = FALSE
	EndGlobalSection
	GlobalSection(ExtensibilityGlobals) = postSolution
		SolutionGuid = {3A8B76BE-4082-4DFA-B302-E5B6BD1D7B9E}
	EndGlobalSection
EndGlobal
